
Microsoft Visual Studio Solution File, Format Version 12.00
# Visual Studio Version 16
VisualStudioVersion = 16.0.30011.22
MinimumVisualStudioVersion = 10.0.40219.1
Project("{FAE04EC0-301F-11D3-BF4B-00C04F79EFBC}") = "Pig Latin Lab", "Pig Latin Lab\Pig Latin Lab.csproj", "{3FA6A615-486E-44A1-8B9E-A0C414E8F3E2}"
EndProject
Global
	GlobalSection(SolutionConfigurationPlatforms) = preSolution
		Debug|Any CPU = Debug|Any CPU
		Release|Any CPU = Release|Any CPU
	EndGlobalSection
	GlobalSection(ProjectConfigurationPlatforms) = postSolution
		{3FA6A615-486E-44A1-8B9E-A0C414E8F3E2}.Debug|Any CPU.ActiveCfg = Debug|Any CPU
		{3FA6A615-486E-44A1-8B9E-A0C414E8F3E2}.Debug|Any CPU.Build.0 = Debug|Any CPU
		{3FA6A615-486E-44A1-8B9E-A0C414E8F3E2}.Release|Any CPU.ActiveCfg = Release|Any CPU
		{3FA6A615-486E-44A1-8B9E-A0C414E8F3E2}.Release|Any CPU.Build.0 = Release|Any CPU
	EndGlobalSection
	GlobalSection(SolutionProperties) = preSolution
		HideSolutionNode = FALSE
	EndGlobalSection
	GlobalSection(ExtensibilityGlobals) = postSolution
		SolutionGuid = {375A2716-B1E7-4960-A4AF-C3A2B49E8C16}
	EndGlobalSection
EndGlobal
